
Microsoft Visual Studio Solution File, Format Version 12.00
# Visual Studio 2012
Project("{FAE04EC0-301F-11D3-BF4B-00C04F79EFBC}") = "RapidTransit.Integration", "RapidTransit.Integration\RapidTransit.Integration.csproj", "{27C8147B-1853-4022-B91B-5BB167C806DF}"
EndProject
Project("{FAE04EC0-301F-11D3-BF4B-00C04F79EFBC}") = "RapidTransit.Core", "RapidTransit.Core\RapidTransit.Core.csproj", "{7A30C7B8-DB42-4DB3-AB21-8C4D8007C507}"
EndProject
Project("{FAE04EC0-301F-11D3-BF4B-00C04F79EFBC}") = "RapidTransit.Integration.Services", "RapidTransit.Integration.Services\RapidTransit.Integration.Services.csproj", "{C8603987-50DD-4ECF-A588-ABCA28032625}"
EndProject
Project("{FAE04EC0-301F-11D3-BF4B-00C04F79EFBC}") = "RapidTransit.Integration.Web", "RapidTransit.Integration.Web\RapidTransit.Integration.Web.csproj", "{900D573E-29A5-481F-BAEE-2E614C36EBEC}"
EndProject
Project("{2150E333-8FDC-42A3-9474-1A3956D46DE8}") = ".nuget", ".nuget", "{A4C66392-C2AD-4FB1-B1E4-2FFFF8328EE5}"
	ProjectSection(SolutionItems) = preProject
		.nuget\NuGet.Config = .nuget\NuGet.Config
		.nuget\NuGet.exe = .nuget\NuGet.exe
		.nuget\NuGet.targets = .nuget\NuGet.targets
	EndProjectSection
EndProject
Project("{FAE04EC0-301F-11D3-BF4B-00C04F79EFBC}") = "RapidTransit.Tests", "RapidTransit.Tests\RapidTransit.Tests.csproj", "{F7430694-6B43-41BB-B23D-962C9EE8D179}"
EndProject
Project("{FAE04EC0-301F-11D3-BF4B-00C04F79EFBC}") = "RapidTransit.Integration.RabbitMq", "RapidTransit.Integration.RabbitMq\RapidTransit.Integration.RabbitMq.csproj", "{A25A6852-3430-4E8B-A364-31D70B8A159F}"
EndProject
Project("{FAE04EC0-301F-11D3-BF4B-00C04F79EFBC}") = "RapidTransit.Integration.AzureServiceBus", "RapidTransit.Integration.AzureServiceBus\RapidTransit.Integration.AzureServiceBus.csproj", "{4CB50E87-FEF4-439B-9F4D-3A96D25ABD3C}"
EndProject
Project("{FAE04EC0-301F-11D3-BF4B-00C04F79EFBC}") = "RapidTransit.Integration.Services.Azure", "RapidTransit.Integration.Services.Azure\RapidTransit.Integration.Services.Azure.csproj", "{16A74DCF-B3C6-4830-B10C-86FB08A3AD5B}"
EndProject
Global
	GlobalSection(SolutionConfigurationPlatforms) = preSolution
		Debug|Any CPU = Debug|Any CPU
		Release|Any CPU = Release|Any CPU
	EndGlobalSection
	GlobalSection(ProjectConfigurationPlatforms) = postSolution
		{27C8147B-1853-4022-B91B-5BB167C806DF}.Debug|Any CPU.ActiveCfg = Debug|Any CPU
		{27C8147B-1853-4022-B91B-5BB167C806DF}.Debug|Any CPU.Build.0 = Debug|Any CPU
		{27C8147B-1853-4022-B91B-5BB167C806DF}.Release|Any CPU.ActiveCfg = Release|Any CPU
		{27C8147B-1853-4022-B91B-5BB167C806DF}.Release|Any CPU.Build.0 = Release|Any CPU
		{7A30C7B8-DB42-4DB3-AB21-8C4D8007C507}.Debug|Any CPU.ActiveCfg = Debug|Any CPU
		{7A30C7B8-DB42-4DB3-AB21-8C4D8007C507}.Debug|Any CPU.Build.0 = Debug|Any CPU
		{7A30C7B8-DB42-4DB3-AB21-8C4D8007C507}.Release|Any CPU.ActiveCfg = Release|Any CPU
		{7A30C7B8-DB42-4DB3-AB21-8C4D8007C507}.Release|Any CPU.Build.0 = Release|Any CPU
		{C8603987-50DD-4ECF-A588-ABCA28032625}.Debug|Any CPU.ActiveCfg = Debug|Any CPU
		{C8603987-50DD-4ECF-A588-ABCA28032625}.Debug|Any CPU.Build.0 = Debug|Any CPU
		{C8603987-50DD-4ECF-A588-ABCA28032625}.Release|Any CPU.ActiveCfg = Release|Any CPU
		{C8603987-50DD-4ECF-A588-ABCA28032625}.Release|Any CPU.Build.0 = Release|Any CPU
		{900D573E-29A5-481F-BAEE-2E614C36EBEC}.Debug|Any CPU.ActiveCfg = Debug|Any CPU
		{900D573E-29A5-481F-BAEE-2E614C36EBEC}.Debug|Any CPU.Build.0 = Debug|Any CPU
		{900D573E-29A5-481F-BAEE-2E614C36EBEC}.Release|Any CPU.ActiveCfg = Release|Any CPU
		{900D573E-29A5-481F-BAEE-2E614C36EBEC}.Release|Any CPU.Build.0 = Release|Any CPU
		{F7430694-6B43-41BB-B23D-962C9EE8D179}.Debug|Any CPU.ActiveCfg = Debug|Any CPU
		{F7430694-6B43-41BB-B23D-962C9EE8D179}.Debug|Any CPU.Build.0 = Debug|Any CPU
		{F7430694-6B43-41BB-B23D-962C9EE8D179}.Release|Any CPU.ActiveCfg = Release|Any CPU
		{F7430694-6B43-41BB-B23D-962C9EE8D179}.Release|Any CPU.Build.0 = Release|Any CPU
		{A25A6852-3430-4E8B-A364-31D70B8A159F}.Debug|Any CPU.ActiveCfg = Debug|Any CPU
		{A25A6852-3430-4E8B-A364-31D70B8A159F}.Debug|Any CPU.Build.0 = Debug|Any CPU
		{A25A6852-3430-4E8B-A364-31D70B8A159F}.Release|Any CPU.ActiveCfg = Release|Any CPU
		{A25A6852-3430-4E8B-A364-31D70B8A159F}.Release|Any CPU.Build.0 = Release|Any CPU
		{4CB50E87-FEF4-439B-9F4D-3A96D25ABD3C}.Debug|Any CPU.ActiveCfg = Debug|Any CPU
		{4CB50E87-FEF4-439B-9F4D-3A96D25ABD3C}.Debug|Any CPU.Build.0 = Debug|Any CPU
		{4CB50E87-FEF4-439B-9F4D-3A96D25ABD3C}.Release|Any CPU.ActiveCfg = Release|Any CPU
		{4CB50E87-FEF4-439B-9F4D-3A96D25ABD3C}.Release|Any CPU.Build.0 = Release|Any CPU
		{16A74DCF-B3C6-4830-B10C-86FB08A3AD5B}.Debug|Any CPU.ActiveCfg = Debug|Any CPU
		{16A74DCF-B3C6-4830-B10C-86FB08A3AD5B}.Debug|Any CPU.Build.0 = Debug|Any CPU
		{16A74DCF-B3C6-4830-B10C-86FB08A3AD5B}.Release|Any CPU.ActiveCfg = Release|Any CPU
		{16A74DCF-B3C6-4830-B10C-86FB08A3AD5B}.Release|Any CPU.Build.0 = Release|Any CPU
	EndGlobalSection
	GlobalSection(SolutionProperties) = preSolution
		HideSolutionNode = FALSE
	EndGlobalSection
EndGlobal
